
Microsoft Visual Studio Solution File, Format Version 12.00
# Visual Studio 15
VisualStudioVersion = 15.0.28010.2026
MinimumVisualStudioVersion = 10.0.40219.1
Project("{FAE04EC0-301F-11D3-BF4B-00C04F79EFBC}") = "Projet_gsb_rasa", "Projet_gsb_rasa\Projet_gsb_rasa.csproj", "{DFCB0302-016A-4709-AF30-86D5CC1BEB6F}"
EndProject
Global
	GlobalSection(SolutionConfigurationPlatforms) = preSolution
		Debug|Any CPU = Debug|Any CPU
		Release|Any CPU = Release|Any CPU
	EndGlobalSection
	GlobalSection(ProjectConfigurationPlatforms) = postSolution
		{DFCB0302-016A-4709-AF30-86D5CC1BEB6F}.Debug|Any CPU.ActiveCfg = Debug|Any CPU
		{DFCB0302-016A-4709-AF30-86D5CC1BEB6F}.Debug|Any CPU.Build.0 = Debug|Any CPU
		{DFCB0302-016A-4709-AF30-86D5CC1BEB6F}.Release|Any CPU.ActiveCfg = Release|Any CPU
		{DFCB0302-016A-4709-AF30-86D5CC1BEB6F}.Release|Any CPU.Build.0 = Release|Any CPU
	EndGlobalSection
	GlobalSection(SolutionProperties) = preSolution
		HideSolutionNode = FALSE
	EndGlobalSection
	GlobalSection(ExtensibilityGlobals) = postSolution
		SolutionGuid = {ECABAB11-F3CC-4504-BD86-BEBF73B360BC}
	EndGlobalSection
EndGlobal
